// !$*UTF8*$!
{
	archiveVersion = 1;
	classes = {
	};
	objectVersion = 77;
	objects = {

/* Begin PBXContainerItemProxy section */
		8631F0FE2F18F85D006FFC40 /* PBXContainerItemProxy */ = {
			isa = PBXContainerItemProxy;
			containerPortal = 8631F0E82F18F85B006FFC40 /* Project object */;
			proxyType = 1;
			remoteGlobalIDString = 8631F0EF2F18F85B006FFC40;
			remoteInfo = GgUd;
		};
		8631F1082F18F85D006FFC40 /* PBXContainerItemProxy */ = {
			isa = PBXContainerItemProxy;
			containerPortal = 8631F0E82F18F85B006FFC40 /* Project object */;
			proxyType = 1;
			remoteGlobalIDString = 8631F0EF2F18F85B006FFC40;
			remoteInfo = GgUd;
		};
/* End PBXContainerItemProxy section */

/* Begin PBXFileReference section */
		8631F0F02F18F85B006FFC40 /* GgUd.app */ = {isa = PBXFileReference; explicitFileType = wrapper.application; includeInIndex = 0; path = GgUd.app; sourceTree = BUILT_PRODUCTS_DIR; };
		8631F0FD2F18F85D006FFC40 /* GgUdTests.xctest */ = {isa = PBXFileReference; explicitFileType = wrapper.cfbundle; includeInIndex = 0; path = GgUdTests.xctest; sourceTree = BUILT_PRODUCTS_DIR; };
		8631F1072F18F85D006FFC40 /* GgUdUITests.xctest */ = {isa = PBXFileReference; explicitFileType = wrapper.cfbundle; includeInIndex = 0; path = GgUdUITests.xctest; sourceTree = BUILT_PRODUCTS_DIR; };
/* End PBXFileReference section */

/* Begin PBXFileSystemSynchronizedBuildFileExceptionSet section */
		8631F12C2F18F902006FFC40 /* Exceptions for "GgUd" folder in "GgUd" target */ = {
			isa = PBXFileSystemSynchronizedBuildFileExceptionSet;
			membershipExceptions = (
				Assets.xcassets,
				ContentView.swift,
				Core/Components/AppTextField.swift,
				Core/Components/CardRow.swift,
				Core/Components/HomeAppointmentCard.swift,
				Core/Components/HomeAppointmentCardModel.swift,
				Core/Components/PrimaryButton.swift,
				Core/Components/TransportButton.swift,
				Core/DesignSystem/AppColors.swift,
				Core/DesignSystem/AppFonts.swift,
				Core/DesignSystem/CardStyle.swift,
				Core/DesignSystem/MyPageStyle.swift,
				Core/DesignSystem/Radius.swift,
				Core/DesignSystem/Spacing.swift,
				"Core/Extensions/Color+Hex.swift",
				Core/Models/TransportType.swift,
				GgUdApp.swift,
				Navigation/AppRootView.swift,
				Screens/Auth/LoginView.swift,
				Screens/CreateAppointment/CreateAppointmentView.swift,
				Screens/CreateAppointment/MapPreviewBox.swift,
				Screens/History/HistoryView.swift,
				Screens/Home/Appointment.swift,
				Screens/Home/HomeTopBarView.swift,
				Screens/Home/HomeView.swift,
				"Screens/Home/Mappers/Appointment+HomeCard.swift",
				Screens/Map/MapView.swift,
				Screens/MyPage/MyPageView.swift,
				Screens/MyPage/NotificationSettingsView.swift,
				Screens/MyPage/ProfileEditView.swift,
				Screens/WaitingRoom/Components/KakaoShareButton.swift,
				Screens/WaitingRoom/Components/WaitingRoomSummaryCard.swift,
				Screens/WaitingRoom/DeparturePopupCard.swift,
				Screens/WaitingRoom/DepartureSetupView.swift,
				Screens/WaitingRoom/DepartureStatusCard.swift,
				Screens/WaitingRoom/MidpointView.swift,
				Screens/WaitingRoom/WaitingRoomView.swift,
			);
			target = 8631F0EF2F18F85B006FFC40 /* GgUd */;
		};
		8631F12D2F18F902006FFC40 /* Exceptions for "GgUd" folder in "GgUdUITests" target */ = {
			isa = PBXFileSystemSynchronizedBuildFileExceptionSet;
			membershipExceptions = (
				Assets.xcassets,
				ContentView.swift,
				GgUdApp.swift,
				Info.plist,
			);
			target = 8631F1062F18F85D006FFC40 /* GgUdUITests */;
		};
/* End PBXFileSystemSynchronizedBuildFileExceptionSet section */

/* Begin PBXFileSystemSynchronizedRootGroup section */
		8631F1002F18F85D006FFC40 /* GgUdTests */ = {
			isa = PBXFileSystemSynchronizedRootGroup;
			path = GgUdTests;
			sourceTree = "<group>";
		};
		8631F10A2F18F85D006FFC40 /* GgUdUITests */ = {
			isa = PBXFileSystemSynchronizedRootGroup;
			path = GgUdUITests;
			sourceTree = "<group>";
		};
		8631F1282F18F902006FFC40 /* GgUd */ = {
			isa = PBXFileSystemSynchronizedRootGroup;
			exceptions = (
				8631F12C2F18F902006FFC40 /* Exceptions for "GgUd" folder in "GgUd" target */,
				8631F12D2F18F902006FFC40 /* Exceptions for "GgUd" folder in "GgUdUITests" target */,
			);
			path = GgUd;
			sourceTree = "<group>";
		};
/* End PBXFileSystemSynchronizedRootGroup section */

/* Begin PBXFrameworksBuildPhase section */
		8631F0ED2F18F85B006FFC40 /* Frameworks */ = {
			isa = PBXFrameworksBuildPhase;
			buildActionMask = 2147483647;
			files = (
			);
			runOnlyForDeploymentPostprocessing = 0;
		};
		8631F0FA2F18F85D006FFC40 /* Frameworks */ = {
			isa = PBXFrameworksBuildPhase;
			buildActionMask = 2147483647;
			files = (
			);
			runOnlyForDeploymentPostprocessing = 0;
		};
		8631F1042F18F85D006FFC40 /* Frameworks */ = {
			isa = PBXFrameworksBuildPhase;
			buildActionMask = 2147483647;
			files = (
			);
			runOnlyForDeploymentPostprocessing = 0;
		};
/* End PBXFrameworksBuildPhase section */

/* Begin PBXGroup section */
		8631F0E72F18F85B006FFC40 = {
			isa = PBXGroup;
			children = (
				8631F1282F18F902006FFC40 /* GgUd */,
				8631F1002F18F85D006FFC40 /* GgUdTests */,
				8631F10A2F18F85D006FFC40 /* GgUdUITests */,
				8631F0F12F18F85B006FFC40 /* Products */,
			);
			sourceTree = "<group>";
		};
		8631F0F12F18F85B006FFC40 /* Products */ = {
			isa = PBXGroup;
			children = (
				8631F0F02F18F85B006FFC40 /* GgUd.app */,
				8631F0FD2F18F85D006FFC40 /* GgUdTests.xctest */,
				8631F1072F18F85D006FFC40 /* GgUdUITests.xctest */,
			);
			name = Products;
			sourceTree = "<group>";
		};
/* End PBXGroup section */

/* Begin PBXNativeTarget section */
		8631F0EF2F18F85B006FFC40 /* GgUd */ = {
			isa = PBXNativeTarget;
			buildConfigurationList = 8631F1112F18F85D006FFC40 /* Build configuration list for PBXNativeTarget "GgUd" */;
			buildPhases = (
				8631F0EC2F18F85B006FFC40 /* Sources */,
				8631F0ED2F18F85B006FFC40 /* Frameworks */,
				8631F0EE2F18F85B006FFC40 /* Resources */,
			);
			buildRules = (
			);
			dependencies = (
			);
			name = GgUd;
			packageProductDependencies = (
			);
			productName = GgUd;
			productReference = 8631F0F02F18F85B006FFC40 /* GgUd.app */;
			productType = "com.apple.product-type.application";
		};
		8631F0FC2F18F85D006FFC40 /* GgUdTests */ = {
			isa = PBXNativeTarget;
			buildConfigurationList = 8631F1142F18F85D006FFC40 /* Build configuration list for PBXNativeTarget "GgUdTests" */;
			buildPhases = (
				8631F0F92F18F85D006FFC40 /* Sources */,
				8631F0FA2F18F85D006FFC40 /* Frameworks */,
				8631F0FB2F18F85D006FFC40 /* Resources */,
			);
			buildRules = (
			);
			dependencies = (
				8631F0FF2F18F85D006FFC40 /* PBXTargetDependency */,
			);
			fileSystemSynchronizedGroups = (
				8631F1002F18F85D006FFC40 /* GgUdTests */,
			);
			name = GgUdTests;
			packageProductDependencies = (
			);
			productName = GgUdTests;
			productReference = 8631F0FD2F18F85D006FFC40 /* GgUdTests.xctest */;
			productType = "com.apple.product-type.bundle.unit-test";
		};
		8631F1062F18F85D006FFC40 /* GgUdUITests */ = {
			isa = PBXNativeTarget;
			buildConfigurationList = 8631F1172F18F85D006FFC40 /* Build configuration list for PBXNativeTarget "GgUdUITests" */;
			buildPhases = (
				8631F1032F18F85D006FFC40 /* Sources */,
				8631F1042F18F85D006FFC40 /* Frameworks */,
				8631F1052F18F85D006FFC40 /* Resources */,
			);
			buildRules = (
			);
			dependencies = (
				8631F1092F18F85D006FFC40 /* PBXTargetDependency */,
			);
			fileSystemSynchronizedGroups = (
				8631F10A2F18F85D006FFC40 /* GgUdUITests */,
				8631F1282F18F902006FFC40 /* GgUd */,
			);
			name = GgUdUITests;
			packageProductDependencies = (
			);
			productName = GgUdUITests;
			productReference = 8631F1072F18F85D006FFC40 /* GgUdUITests.xctest */;
			productType = "com.apple.product-type.bundle.ui-testing";
		};
/* End PBXNativeTarget section */

/* Begin PBXProject section */
		8631F0E82F18F85B006FFC40 /* Project object */ = {
			isa = PBXProject;
			attributes = {
				BuildIndependentTargetsInParallel = 1;
				LastSwiftUpdateCheck = 1640;
				LastUpgradeCheck = 1640;
				TargetAttributes = {
					8631F0EF2F18F85B006FFC40 = {
						CreatedOnToolsVersion = 16.4;
					};
					8631F0FC2F18F85D006FFC40 = {
						CreatedOnToolsVersion = 16.4;
						TestTargetID = 8631F0EF2F18F85B006FFC40;
					};
					8631F1062F18F85D006FFC40 = {
						CreatedOnToolsVersion = 16.4;
						TestTargetID = 8631F0EF2F18F85B006FFC40;
					};
				};
			};
			buildConfigurationList = 8631F0EB2F18F85B006FFC40 /* Build configuration list for PBXProject "GgUd" */;
			developmentRegion = en;
			hasScannedForEncodings = 0;
			knownRegions = (
				en,
				Base,
			);
			mainGroup = 8631F0E72F18F85B006FFC40;
			minimizedProjectReferenceProxies = 1;
			preferredProjectObjectVersion = 77;
			productRefGroup = 8631F0F12F18F85B006FFC40 /* Products */;
			projectDirPath = "";
			projectRoot = "";
			targets = (
				8631F0EF2F18F85B006FFC40 /* GgUd */,
				8631F0FC2F18F85D006FFC40 /* GgUdTests */,
				8631F1062F18F85D006FFC40 /* GgUdUITests */,
			);
		};
/* End PBXProject section */

/* Begin PBXResourcesBuildPhase section */
		8631F0EE2F18F85B006FFC40 /* Resources */ = {
			isa = PBXResourcesBuildPhase;
			buildActionMask = 2147483647;
			files = (
			);
			runOnlyForDeploymentPostprocessing = 0;
		};
		8631F0FB2F18F85D006FFC40 /* Resources */ = {
			isa = PBXResourcesBuildPhase;
			buildActionMask = 2147483647;
			files = (
			);
			runOnlyForDeploymentPostprocessing = 0;
		};
		8631F1052F18F85D006FFC40 /* Resources */ = {
			isa = PBXResourcesBuildPhase;
			buildActionMask = 2147483647;
			files = (
			);
			runOnlyForDeploymentPostprocessing = 0;
		};
/* End PBXResourcesBuildPhase section */

/* Begin PBXSourcesBuildPhase section */
		8631F0EC2F18F85B006FFC40 /* Sources */ = {
			isa = PBXSourcesBuildPhase;
			buildActionMask = 2147483647;
			files = (
			);
			runOnlyForDeploymentPostprocessing = 0;
		};
		8631F0F92F18F85D006FFC40 /* Sources */ = {
			isa = PBXSourcesBuildPhase;
			buildActionMask = 2147483647;
			files = (
			);
			runOnlyForDeploymentPostprocessing = 0;
		};
		8631F1032F18F85D006FFC40 /* Sources */ = {
			isa = PBXSourcesBuildPhase;
			buildActionMask = 2147483647;
			files = (
			);
			runOnlyForDeploymentPostprocessing = 0;
		};
/* End PBXSourcesBuildPhase section */

/* Begin PBXTargetDependency section */
		8631F0FF2F18F85D006FFC40 /* PBXTargetDependency */ = {
			isa = PBXTargetDependency;
			target = 8631F0EF2F18F85B006FFC40 /* GgUd */;
			targetProxy = 8631F0FE2F18F85D006FFC40 /* PBXContainerItemProxy */;
		};
		8631F1092F18F85D006FFC40 /* PBXTargetDependency */ = {
			isa = PBXTargetDependency;
			target = 8631F0EF2F18F85B006FFC40 /* GgUd */;
			targetProxy = 8631F1082F18F85D006FFC40 /* PBXContainerItemProxy */;
		};
/* End PBXTargetDependency section */

/* Begin XCBuildConfiguration section */
		8631F10F2F18F85D006FFC40 /* Debug */ = {
			isa = XCBuildConfiguration;
			buildSettings = {
				ALWAYS_SEARCH_USER_PATHS = NO;
				ASSETCATALOG_COMPILER_GENERATE_SWIFT_ASSET_SYMBOL_EXTENSIONS = YES;
				CLANG_ANALYZER_NONNULL = YES;
				CLANG_ANALYZER_NUMBER_OBJECT_CONVERSION = YES_AGGRESSIVE;
				CLANG_CXX_LANGUAGE_STANDARD = "gnu++20";
				CLANG_ENABLE_MODULES = YES;
				CLANG_ENABLE_OBJC_ARC = YES;
				CLANG_ENABLE_OBJC_WEAK = YES;
				CLANG_WARN_BLOCK_CAPTURE_AUTORELEASING = YES;
				CLANG_WARN_BOOL_CONVERSION = YES;
				CLANG_WARN_COMMA = YES;
				CLANG_WARN_CONSTANT_CONVERSION = YES;
				CLANG_WARN_DEPRECATED_OBJC_IMPLEMENTATIONS = YES;
				CLANG_WARN_DIRECT_OBJC_ISA_USAGE = YES_ERROR;
				CLANG_WARN_DOCUMENTATION_COMMENTS = YES;
				CLANG_WARN_EMPTY_BODY = YES;
				CLANG_WARN_ENUM_CONVERSION = YES;
				CLANG_WARN_INFINITE_RECURSION = YES;
				CLANG_WARN_INT_CONVERSION = YES;
				CLANG_WARN_NON_LITERAL_NULL_CONVERSION = YES;
				CLANG_WARN_OBJC_IMPLICIT_RETAIN_SELF = YES;
				CLANG_WARN_OBJC_LITERAL_CONVERSION = YES;
				CLANG_WARN_OBJC_ROOT_CLASS = YES_ERROR;
				CLANG_WARN_QUOTED_INCLUDE_IN_FRAMEWORK_HEADER = YES;
				CLANG_WARN_RANGE_LOOP_ANALYSIS = YES;
				CLANG_WARN_STRICT_PROTOTYPES = YES;
				CLANG_WARN_SUSPICIOUS_MOVE = YES;
				CLANG_WARN_UNGUARDED_AVAILABILITY = YES_AGGRESSIVE;
				CLANG_WARN_UNREACHABLE_CODE = YES;
				CLANG_WARN__DUPLICATE_METHOD_MATCH = YES;
				COPY_PHASE_STRIP = NO;
				DEBUG_INFORMATION_FORMAT = dwarf;
				ENABLE_STRICT_OBJC_MSGSEND = YES;
				ENABLE_TESTABILITY = YES;
				ENABLE_USER_SCRIPT_SANDBOXING = YES;
				GCC_C_LANGUAGE_STANDARD = gnu17;
				GCC_DYNAMIC_NO_PIC = NO;
				GCC_NO_COMMON_BLOCKS = YES;
				GCC_OPTIMIZATION_LEVEL = 0;
				GCC_PREPROCESSOR_DEFINITIONS = (
					"DEBUG=1",
					"$(inherited)",
				);
				GCC_WARN_64_TO_32_BIT_CONVERSION = YES;
				GCC_WARN_ABOUT_RETURN_TYPE = YES_ERROR;
				GCC_WARN_UNDECLARED_SELECTOR = YES;
				GCC_WARN_UNINITIALIZED_AUTOS = YES_AGGRESSIVE;
				GCC_WARN_UNUSED_FUNCTION = YES;
				GCC_WARN_UNUSED_VARIABLE = YES;
				IPHONEOS_DEPLOYMENT_TARGET = 18.5;
				LOCALIZATION_PREFERS_STRING_CATALOGS = YES;
				MTL_ENABLE_DEBUG_INFO = INCLUDE_SOURCE;
				MTL_FAST_MATH = YES;
				ONLY_ACTIVE_ARCH = YES;
				SDKROOT = iphoneos;
				SWIFT_ACTIVE_COMPILATION_CONDITIONS = "DEBUG $(inherited)";
				SWIFT_OPTIMIZATION_LEVEL = "-Onone";
			};
			name = Debug;
		};
		8631F1102F18F85D006FFC40 /* Release */ = {
			isa = XCBuildConfiguration;
			buildSettings = {
				ALWAYS_SEARCH_USER_PATHS = NO;
				ASSETCATALOG_COMPILER_GENERATE_SWIFT_ASSET_SYMBOL_EXTENSIONS = YES;
				CLANG_ANALYZER_NONNULL = YES;
				CLANG_ANALYZER_NUMBER_OBJECT_CONVERSION = YES_AGGRESSIVE;
				CLANG_CXX_LANGUAGE_STANDARD = "gnu++20";
				CLANG_ENABLE_MODULES = YES;
				CLANG_ENABLE_OBJC_ARC = YES;
				CLANG_ENABLE_OBJC_WEAK = YES;
				CLANG_WARN_BLOCK_CAPTURE_AUTORELEASING = YES;
				CLANG_WARN_BOOL_CONVERSION = YES;
				CLANG_WARN_COMMA = YES;
				CLANG_WARN_CONSTANT_CONVERSION = YES;
				CLANG_WARN_DEPRECATED_OBJC_IMPLEMENTATIONS = YES;
				CLANG_WARN_DIRECT_OBJC_ISA_USAGE = YES_ERROR;
				CLANG_WARN_DOCUMENTATION_COMMENTS = YES;
				CLANG_WARN_EMPTY_BODY = YES;
				CLANG_WARN_ENUM_CONVERSION = YES;
				CLANG_WARN_INFINITE_RECURSION = YES;
				CLANG_WARN_INT_CONVERSION = YES;
				CLANG_WARN_NON_LITERAL_NULL_CONVERSION = YES;
				CLANG_WARN_OBJC_IMPLICIT_RETAIN_SELF = YES;
				CLANG_WARN_OBJC_LITERAL_CONVERSION = YES;
				CLANG_WARN_OBJC_ROOT_CLASS = YES_ERROR;
				CLANG_WARN_QUOTED_INCLUDE_IN_FRAMEWORK_HEADER = YES;
				CLANG_WARN_RANGE_LOOP_ANALYSIS = YES;
				CLANG_WARN_STRICT_PROTOTYPES = YES;
				CLANG_WARN_SUSPICIOUS_MOVE = YES;
				CLANG_WARN_UNGUARDED_AVAILABILITY = YES_AGGRESSIVE;
				CLANG_WARN_UNREACHABLE_CODE = YES;
				CLANG_WARN__DUPLICATE_METHOD_MATCH = YES;
				COPY_PHASE_STRIP = NO;
				DEBUG_INFORMATION_FORMAT = "dwarf-with-dsym";
				ENABLE_NS_ASSERTIONS = NO;
				ENABLE_STRICT_OBJC_MSGSEND = YES;
				ENABLE_USER_SCRIPT_SANDBOXING = YES;
				GCC_C_LANGUAGE_STANDARD = gnu17;
				GCC_NO_COMMON_BLOCKS = YES;
				GCC_WARN_64_TO_32_BIT_CONVERSION = YES;
				GCC_WARN_ABOUT_RETURN_TYPE = YES_ERROR;
				GCC_WARN_UNDECLARED_SELECTOR = YES;
				GCC_WARN_UNINITIALIZED_AUTOS = YES_AGGRESSIVE;
				GCC_WARN_UNUSED_FUNCTION = YES;
				GCC_WARN_UNUSED_VARIABLE = YES;
				IPHONEOS_DEPLOYMENT_TARGET = 18.5;
				LOCALIZATION_PREFERS_STRING_CATALOGS = YES;
				MTL_ENABLE_DEBUG_INFO = NO;
				MTL_FAST_MATH = YES;
				SDKROOT = iphoneos;
				SWIFT_COMPILATION_MODE = wholemodule;
				VALIDATE_PRODUCT = YES;
			};
			name = Release;
		};
		8631F1122F18F85D006FFC40 /* Debug */ = {
			isa = XCBuildConfiguration;
			buildSettings = {
				ASSETCATALOG_COMPILER_APPICON_NAME = AppIcon;
				ASSETCATALOG_COMPILER_GLOBAL_ACCENT_COLOR_NAME = AccentColor;
				CODE_SIGN_STYLE = Automatic;
				CURRENT_PROJECT_VERSION = 1;
				ENABLE_PREVIEWS = YES;
				GENERATE_INFOPLIST_FILE = YES;
				INFOPLIST_FILE = GgUd/Info.plist;
				INFOPLIST_KEY_UIApplicationSceneManifest_Generation = YES;
				INFOPLIST_KEY_UIApplicationSupportsIndirectInputEvents = YES;
				INFOPLIST_KEY_UILaunchScreen_Generation = YES;
				INFOPLIST_KEY_UISupportedInterfaceOrientations_iPad = "UIInterfaceOrientationPortrait UIInterfaceOrientationPortraitUpsideDown UIInterfaceOrientationLandscapeLeft UIInterfaceOrientationLandscapeRight";
				INFOPLIST_KEY_UISupportedInterfaceOrientations_iPhone = "UIInterfaceOrientationPortrait UIInterfaceOrientationLandscapeLeft UIInterfaceOrientationLandscapeRight";
				LD_RUNPATH_SEARCH_PATHS = (
					"$(inherited)",
					"@executable_path/Frameworks",
				);
				MARKETING_VERSION = 1.0;
				PRODUCT_BUNDLE_IDENTIFIER = app1.GgUd;
				PRODUCT_NAME = "$(TARGET_NAME)";
				SWIFT_EMIT_LOC_STRINGS = YES;
				SWIFT_VERSION = 5.0;
				TARGETED_DEVICE_FAMILY = "1,2";
			};
			name = Debug;
		};
		8631F1132F18F85D006FFC40 /* Release */ = {
			isa = XCBuildConfiguration;
			buildSettings = {
				ASSETCATALOG_COMPILER_APPICON_NAME = AppIcon;
				ASSETCATALOG_COMPILER_GLOBAL_ACCENT_COLOR_NAME = AccentColor;
				CODE_SIGN_STYLE = Automatic;
				CURRENT_PROJECT_VERSION = 1;
				ENABLE_PREVIEWS = YES;
				GENERATE_INFOPLIST_FILE = YES;
				INFOPLIST_FILE = GgUd/Info.plist;
				INFOPLIST_KEY_UIApplicationSceneManifest_Generation = YES;
				INFOPLIST_KEY_UIApplicationSupportsIndirectInputEvents = YES;
				INFOPLIST_KEY_UILaunchScreen_Generation = YES;
				INFOPLIST_KEY_UISupportedInterfaceOrientations_iPad = "UIInterfaceOrientationPortrait UIInterfaceOrientationPortraitUpsideDown UIInterfaceOrientationLandscapeLeft UIInterfaceOrientationLandscapeRight";
				INFOPLIST_KEY_UISupportedInterfaceOrientations_iPhone = "UIInterfaceOrientationPortrait UIInterfaceOrientationLandscapeLeft UIInterfaceOrientationLandscapeRight";
				LD_RUNPATH_SEARCH_PATHS = (
					"$(inherited)",
					"@executable_path/Frameworks",
				);
				MARKETING_VERSION = 1.0;
				PRODUCT_BUNDLE_IDENTIFIER = app1.GgUd;
				PRODUCT_NAME = "$(TARGET_NAME)";
				SWIFT_EMIT_LOC_STRINGS = YES;
				SWIFT_VERSION = 5.0;
				TARGETED_DEVICE_FAMILY = "1,2";
			};
			name = Release;
		};
		8631F1152F18F85D006FFC40 /* Debug */ = {
			isa = XCBuildConfiguration;
			buildSettings = {
				BUNDLE_LOADER = "$(TEST_HOST)";
				CODE_SIGN_STYLE = Automatic;
				CURRENT_PROJECT_VERSION = 1;
				GENERATE_INFOPLIST_FILE = YES;
				IPHONEOS_DEPLOYMENT_TARGET = 18.5;
				MARKETING_VERSION = 1.0;
				PRODUCT_BUNDLE_IDENTIFIER = app1.GgUdTests;
				PRODUCT_NAME = "$(TARGET_NAME)";
				SWIFT_EMIT_LOC_STRINGS = NO;
				SWIFT_VERSION = 5.0;
				TARGETED_DEVICE_FAMILY = "1,2";
				TEST_HOST = "$(BUILT_PRODUCTS_DIR)/GgUd.app/$(BUNDLE_EXECUTABLE_FOLDER_PATH)/GgUd";
			};
			name = Debug;
		};
		8631F1162F18F85D006FFC40 /* Release */ = {
			isa = XCBuildConfiguration;
			buildSettings = {
				BUNDLE_LOADER = "$(TEST_HOST)";
				CODE_SIGN_STYLE = Automatic;
				CURRENT_PROJECT_VERSION = 1;
				GENERATE_INFOPLIST_FILE = YES;
				IPHONEOS_DEPLOYMENT_TARGET = 18.5;
				MARKETING_VERSION = 1.0;
				PRODUCT_BUNDLE_IDENTIFIER = app1.GgUdTests;
				PRODUCT_NAME = "$(TARGET_NAME)";
				SWIFT_EMIT_LOC_STRINGS = NO;
				SWIFT_VERSION = 5.0;
				TARGETED_DEVICE_FAMILY = "1,2";
				TEST_HOST = "$(BUILT_PRODUCTS_DIR)/GgUd.app/$(BUNDLE_EXECUTABLE_FOLDER_PATH)/GgUd";
			};
			name = Release;
		};
		8631F1182F18F85D006FFC40 /* Debug */ = {
			isa = XCBuildConfiguration;
			buildSettings = {
				CODE_SIGN_STYLE = Automatic;
				CURRENT_PROJECT_VERSION = 1;
				GENERATE_INFOPLIST_FILE = YES;
				MARKETING_VERSION = 1.0;
				PRODUCT_BUNDLE_IDENTIFIER = app1.GgUdUITests;
				PRODUCT_NAME = "$(TARGET_NAME)";
				SWIFT_EMIT_LOC_STRINGS = NO;
				SWIFT_VERSION = 5.0;
				TARGETED_DEVICE_FAMILY = "1,2";
				TEST_TARGET_NAME = GgUd;
			};
			name = Debug;
		};
		8631F1192F18F85D006FFC40 /* Release */ = {
			isa = XCBuildConfiguration;
			buildSettings = {
				CODE_SIGN_STYLE = Automatic;
				CURRENT_PROJECT_VERSION = 1;
				GENERATE_INFOPLIST_FILE = YES;
				MARKETING_VERSION = 1.0;
				PRODUCT_BUNDLE_IDENTIFIER = app1.GgUdUITests;
				PRODUCT_NAME = "$(TARGET_NAME)";
				SWIFT_EMIT_LOC_STRINGS = NO;
				SWIFT_VERSION = 5.0;
				TARGETED_DEVICE_FAMILY = "1,2";
				TEST_TARGET_NAME = GgUd;
			};
			name = Release;
		};
/* End XCBuildConfiguration section */

/* Begin XCConfigurationList section */
		8631F0EB2F18F85B006FFC40 /* Build configuration list for PBXProject "GgUd" */ = {
			isa = XCConfigurationList;
			buildConfigurations = (
				8631F10F2F18F85D006FFC40 /* Debug */,
				8631F1102F18F85D006FFC40 /* Release */,
			);
			defaultConfigurationIsVisible = 0;
			defaultConfigurationName = Release;
		};
		8631F1112F18F85D006FFC40 /* Build configuration list for PBXNativeTarget "GgUd" */ = {
			isa = XCConfigurationList;
			buildConfigurations = (
				8631F1122F18F85D006FFC40 /* Debug */,
				8631F1132F18F85D006FFC40 /* Release */,
			);
			defaultConfigurationIsVisible = 0;
			defaultConfigurationName = Release;
		};
		8631F1142F18F85D006FFC40 /* Build configuration list for PBXNativeTarget "GgUdTests" */ = {
			isa = XCConfigurationList;
			buildConfigurations = (
				8631F1152F18F85D006FFC40 /* Debug */,
				8631F1162F18F85D006FFC40 /* Release */,
			);
			defaultConfigurationIsVisible = 0;
			defaultConfigurationName = Release;
		};
		8631F1172F18F85D006FFC40 /* Build configuration list for PBXNativeTarget "GgUdUITests" */ = {
			isa = XCConfigurationList;
			buildConfigurations = (
				8631F1182F18F85D006FFC40 /* Debug */,
				8631F1192F18F85D006FFC40 /* Release */,
			);
			defaultConfigurationIsVisible = 0;
			defaultConfigurationName = Release;
		};
/* End XCConfigurationList section */
	};
	rootObject = 8631F0E82F18F85B006FFC40 /* Project object */;
}
