// !$*UTF8*$!
{
	archiveVersion = 1;
	classes = {
	};
	objectVersion = 77;
	objects = {

/* Begin PBXContainerItemProxy section */
		86806DD62ECED48B004D8BB2 /* PBXContainerItemProxy */ = {
			isa = PBXContainerItemProxy;
			containerPortal = 86806DB72ECED489004D8BB2 /* Project object */;
			proxyType = 1;
			remoteGlobalIDString = 86806DBE2ECED489004D8BB2;
			remoteInfo = CurrentLocation;
		};
		86806DE02ECED48B004D8BB2 /* PBXContainerItemProxy */ = {
			isa = PBXContainerItemProxy;
			containerPortal = 86806DB72ECED489004D8BB2 /* Project object */;
			proxyType = 1;
			remoteGlobalIDString = 86806DBE2ECED489004D8BB2;
			remoteInfo = CurrentLocation;
		};
/* End PBXContainerItemProxy section */

/* Begin PBXFileReference section */
		86806DBF2ECED489004D8BB2 /* CurrentLocation.app */ = {isa = PBXFileReference; explicitFileType = wrapper.application; includeInIndex = 0; path = CurrentLocation.app; sourceTree = BUILT_PRODUCTS_DIR; };
		86806DD52ECED48B004D8BB2 /* CurrentLocationTests.xctest */ = {isa = PBXFileReference; explicitFileType = wrapper.cfbundle; includeInIndex = 0; path = CurrentLocationTests.xctest; sourceTree = BUILT_PRODUCTS_DIR; };
		86806DDF2ECED48B004D8BB2 /* CurrentLocationUITests.xctest */ = {isa = PBXFileReference; explicitFileType = wrapper.cfbundle; includeInIndex = 0; path = CurrentLocationUITests.xctest; sourceTree = BUILT_PRODUCTS_DIR; };
/* End PBXFileReference section */

/* Begin PBXFileSystemSynchronizedBuildFileExceptionSet section */
		86806DE72ECED48B004D8BB2 /* Exceptions for "CurrentLocation" folder in "CurrentLocation" target */ = {
			isa = PBXFileSystemSynchronizedBuildFileExceptionSet;
			membershipExceptions = (
				Info.plist,
			);
			target = 86806DBE2ECED489004D8BB2 /* CurrentLocation */;
		};
/* End PBXFileSystemSynchronizedBuildFileExceptionSet section */

/* Begin PBXFileSystemSynchronizedRootGroup section */
		86806DC12ECED489004D8BB2 /* CurrentLocation */ = {
			isa = PBXFileSystemSynchronizedRootGroup;
			exceptions = (
				86806DE72ECED48B004D8BB2 /* Exceptions for "CurrentLocation" folder in "CurrentLocation" target */,
			);
			path = CurrentLocation;
			sourceTree = "<group>";
		};
		86806DD82ECED48B004D8BB2 /* CurrentLocationTests */ = {
			isa = PBXFileSystemSynchronizedRootGroup;
			path = CurrentLocationTests;
			sourceTree = "<group>";
		};
		86806DE22ECED48B004D8BB2 /* CurrentLocationUITests */ = {
			isa = PBXFileSystemSynchronizedRootGroup;
			path = CurrentLocationUITests;
			sourceTree = "<group>";
		};
/* End PBXFileSystemSynchronizedRootGroup section */

/* Begin PBXFrameworksBuildPhase section */
		86806DBC2ECED489004D8BB2 /* Frameworks */ = {
			isa = PBXFrameworksBuildPhase;
			buildActionMask = 2147483647;
			files = (
			);
			runOnlyForDeploymentPostprocessing = 0;
		};
		86806DD22ECED48B004D8BB2 /* Frameworks */ = {
			isa = PBXFrameworksBuildPhase;
			buildActionMask = 2147483647;
			files = (
			);
			runOnlyForDeploymentPostprocessing = 0;
		};
		86806DDC2ECED48B004D8BB2 /* Frameworks */ = {
			isa = PBXFrameworksBuildPhase;
			buildActionMask = 2147483647;
			files = (
			);
			runOnlyForDeploymentPostprocessing = 0;
		};
/* End PBXFrameworksBuildPhase section */

/* Begin PBXGroup section */
		86806DB62ECED489004D8BB2 = {
			isa = PBXGroup;
			children = (
				86806DC12ECED489004D8BB2 /* CurrentLocation */,
				86806DD82ECED48B004D8BB2 /* CurrentLocationTests */,
				86806DE22ECED48B004D8BB2 /* CurrentLocationUITests */,
				86806DC02ECED489004D8BB2 /* Products */,
			);
			sourceTree = "<group>";
		};
		86806DC02ECED489004D8BB2 /* Products */ = {
			isa = PBXGroup;
			children = (
				86806DBF2ECED489004D8BB2 /* CurrentLocation.app */,
				86806DD52ECED48B004D8BB2 /* CurrentLocationTests.xctest */,
				86806DDF2ECED48B004D8BB2 /* CurrentLocationUITests.xctest */,
			);
			name = Products;
			sourceTree = "<group>";
		};
/* End PBXGroup section */

/* Begin PBXNativeTarget section */
		86806DBE2ECED489004D8BB2 /* CurrentLocation */ = {
			isa = PBXNativeTarget;
			buildConfigurationList = 86806DE82ECED48B004D8BB2 /* Build configuration list for PBXNativeTarget "CurrentLocation" */;
			buildPhases = (
				86806DBB2ECED489004D8BB2 /* Sources */,
				86806DBC2ECED489004D8BB2 /* Frameworks */,
				86806DBD2ECED489004D8BB2 /* Resources */,
			);
			buildRules = (
			);
			dependencies = (
			);
			fileSystemSynchronizedGroups = (
				86806DC12ECED489004D8BB2 /* CurrentLocation */,
			);
			name = CurrentLocation;
			packageProductDependencies = (
			);
			productName = CurrentLocation;
			productReference = 86806DBF2ECED489004D8BB2 /* CurrentLocation.app */;
			productType = "com.apple.product-type.application";
		};
		86806DD42ECED48B004D8BB2 /* CurrentLocationTests */ = {
			isa = PBXNativeTarget;
			buildConfigurationList = 86806DED2ECED48B004D8BB2 /* Build configuration list for PBXNativeTarget "CurrentLocationTests" */;
			buildPhases = (
				86806DD12ECED48B004D8BB2 /* Sources */,
				86806DD22ECED48B004D8BB2 /* Frameworks */,
				86806DD32ECED48B004D8BB2 /* Resources */,
			);
			buildRules = (
			);
			dependencies = (
				86806DD72ECED48B004D8BB2 /* PBXTargetDependency */,
			);
			fileSystemSynchronizedGroups = (
				86806DD82ECED48B004D8BB2 /* CurrentLocationTests */,
			);
			name = CurrentLocationTests;
			packageProductDependencies = (
			);
			productName = CurrentLocationTests;
			productReference = 86806DD52ECED48B004D8BB2 /* CurrentLocationTests.xctest */;
			productType = "com.apple.product-type.bundle.unit-test";
		};
		86806DDE2ECED48B004D8BB2 /* CurrentLocationUITests */ = {
			isa = PBXNativeTarget;
			buildConfigurationList = 86806DF02ECED48B004D8BB2 /* Build configuration list for PBXNativeTarget "CurrentLocationUITests" */;
			buildPhases = (
				86806DDB2ECED48B004D8BB2 /* Sources */,
				86806DDC2ECED48B004D8BB2 /* Frameworks */,
				86806DDD2ECED48B004D8BB2 /* Resources */,
			);
			buildRules = (
			);
			dependencies = (
				86806DE12ECED48B004D8BB2 /* PBXTargetDependency */,
			);
			fileSystemSynchronizedGroups = (
				86806DE22ECED48B004D8BB2 /* CurrentLocationUITests */,
			);
			name = CurrentLocationUITests;
			packageProductDependencies = (
			);
			productName = CurrentLocationUITests;
			productReference = 86806DDF2ECED48B004D8BB2 /* CurrentLocationUITests.xctest */;
			productType = "com.apple.product-type.bundle.ui-testing";
		};
/* End PBXNativeTarget section */

/* Begin PBXProject section */
		86806DB72ECED489004D8BB2 /* Project object */ = {
			isa = PBXProject;
			attributes = {
				BuildIndependentTargetsInParallel = 1;
				LastSwiftUpdateCheck = 1640;
				LastUpgradeCheck = 1640;
				TargetAttributes = {
					86806DBE2ECED489004D8BB2 = {
						CreatedOnToolsVersion = 16.4;
					};
					86806DD42ECED48B004D8BB2 = {
						CreatedOnToolsVersion = 16.4;
						TestTargetID = 86806DBE2ECED489004D8BB2;
					};
					86806DDE2ECED48B004D8BB2 = {
						CreatedOnToolsVersion = 16.4;
						TestTargetID = 86806DBE2ECED489004D8BB2;
					};
				};
			};
			buildConfigurationList = 86806DBA2ECED489004D8BB2 /* Build configuration list for PBXProject "CurrentLocation" */;
			developmentRegion = en;
			hasScannedForEncodings = 0;
			knownRegions = (
				en,
				Base,
			);
			mainGroup = 86806DB62ECED489004D8BB2;
			minimizedProjectReferenceProxies = 1;
			preferredProjectObjectVersion = 77;
			productRefGroup = 86806DC02ECED489004D8BB2 /* Products */;
			projectDirPath = "";
			projectRoot = "";
			targets = (
				86806DBE2ECED489004D8BB2 /* CurrentLocation */,
				86806DD42ECED48B004D8BB2 /* CurrentLocationTests */,
				86806DDE2ECED48B004D8BB2 /* CurrentLocationUITests */,
			);
		};
/* End PBXProject section */

/* Begin PBXResourcesBuildPhase section */
		86806DBD2ECED489004D8BB2 /* Resources */ = {
			isa = PBXResourcesBuildPhase;
			buildActionMask = 2147483647;
			files = (
			);
			runOnlyForDeploymentPostprocessing = 0;
		};
		86806DD32ECED48B004D8BB2 /* Resources */ = {
			isa = PBXResourcesBuildPhase;
			buildActionMask = 2147483647;
			files = (
			);
			runOnlyForDeploymentPostprocessing = 0;
		};
		86806DDD2ECED48B004D8BB2 /* Resources */ = {
			isa = PBXResourcesBuildPhase;
			buildActionMask = 2147483647;
			files = (
			);
			runOnlyForDeploymentPostprocessing = 0;
		};
/* End PBXResourcesBuildPhase section */

/* Begin PBXSourcesBuildPhase section */
		86806DBB2ECED489004D8BB2 /* Sources */ = {
			isa = PBXSourcesBuildPhase;
			buildActionMask = 2147483647;
			files = (
			);
			runOnlyForDeploymentPostprocessing = 0;
		};
		86806DD12ECED48B004D8BB2 /* Sources */ = {
			isa = PBXSourcesBuildPhase;
			buildActionMask = 2147483647;
			files = (
			);
			runOnlyForDeploymentPostprocessing = 0;
		};
		86806DDB2ECED48B004D8BB2 /* Sources */ = {
			isa = PBXSourcesBuildPhase;
			buildActionMask = 2147483647;
			files = (
			);
			runOnlyForDeploymentPostprocessing = 0;
		};
/* End PBXSourcesBuildPhase section */

/* Begin PBXTargetDependency section */
		86806DD72ECED48B004D8BB2 /* PBXTargetDependency */ = {
			isa = PBXTargetDependency;
			target = 86806DBE2ECED489004D8BB2 /* CurrentLocation */;
			targetProxy = 86806DD62ECED48B004D8BB2 /* PBXContainerItemProxy */;
		};
		86806DE12ECED48B004D8BB2 /* PBXTargetDependency */ = {
			isa = PBXTargetDependency;
			target = 86806DBE2ECED489004D8BB2 /* CurrentLocation */;
			targetProxy = 86806DE02ECED48B004D8BB2 /* PBXContainerItemProxy */;
		};
/* End PBXTargetDependency section */

/* Begin XCBuildConfiguration section */
		86806DE92ECED48B004D8BB2 /* Debug */ = {
			isa = XCBuildConfiguration;
			buildSettings = {
				ASSETCATALOG_COMPILER_APPICON_NAME = AppIcon;
				ASSETCATALOG_COMPILER_GLOBAL_ACCENT_COLOR_NAME = AccentColor;
				CODE_SIGN_STYLE = Automatic;
				CURRENT_PROJECT_VERSION = 1;
				DEVELOPMENT_TEAM = 343LWQS78W;
				GENERATE_INFOPLIST_FILE = YES;
				INFOPLIST_FILE = CurrentLocation/Info.plist;
				INFOPLIST_KEY_UIApplicationSupportsIndirectInputEvents = YES;
				INFOPLIST_KEY_UILaunchStoryboardName = LaunchScreen;
				INFOPLIST_KEY_UIMainStoryboardFile = Main;
				INFOPLIST_KEY_UISupportedInterfaceOrientations_iPad = "UIInterfaceOrientationPortrait UIInterfaceOrientationPortraitUpsideDown UIInterfaceOrientationLandscapeLeft UIInterfaceOrientationLandscapeRight";
				INFOPLIST_KEY_UISupportedInterfaceOrientations_iPhone = "UIInterfaceOrientationPortrait UIInterfaceOrientationLandscapeLeft UIInterfaceOrientationLandscapeRight";
				LD_RUNPATH_SEARCH_PATHS = (
					"$(inherited)",
					"@executable_path/Frameworks",
				);
				MARKETING_VERSION = 1.0;
				PRODUCT_BUNDLE_IDENTIFIER = app1.CurrentLocation;
				PRODUCT_NAME = "$(TARGET_NAME)";
				SWIFT_EMIT_LOC_STRINGS = YES;
				SWIFT_VERSION = 5.0;
				TARGETED_DEVICE_FAMILY = "1,2";
			};
			name = Debug;
		};
		86806DEA2ECED48B004D8BB2 /* Release */ = {
			isa = XCBuildConfiguration;
			buildSettings = {
				ASSETCATALOG_COMPILER_APPICON_NAME = AppIcon;
				ASSETCATALOG_COMPILER_GLOBAL_ACCENT_COLOR_NAME = AccentColor;
				CODE_SIGN_STYLE = Automatic;
				CURRENT_PROJECT_VERSION = 1;
				DEVELOPMENT_TEAM = 343LWQS78W;
				GENERATE_INFOPLIST_FILE = YES;
				INFOPLIST_FILE = CurrentLocation/Info.plist;
				INFOPLIST_KEY_UIApplicationSupportsIndirectInputEvents = YES;
				INFOPLIST_KEY_UILaunchStoryboardName = LaunchScreen;
				INFOPLIST_KEY_UIMainStoryboardFile = Main;
				INFOPLIST_KEY_UISupportedInterfaceOrientations_iPad = "UIInterfaceOrientationPortrait UIInterfaceOrientationPortraitUpsideDown UIInterfaceOrientationLandscapeLeft UIInterfaceOrientationLandscapeRight";
				INFOPLIST_KEY_UISupportedInterfaceOrientations_iPhone = "UIInterfaceOrientationPortrait UIInterfaceOrientationLandscapeLeft UIInterfaceOrientationLandscapeRight";
				LD_RUNPATH_SEARCH_PATHS = (
					"$(inherited)",
					"@executable_path/Frameworks",
				);
				MARKETING_VERSION = 1.0;
				PRODUCT_BUNDLE_IDENTIFIER = app1.CurrentLocation;
				PRODUCT_NAME = "$(TARGET_NAME)";
				SWIFT_EMIT_LOC_STRINGS = YES;
				SWIFT_VERSION = 5.0;
				TARGETED_DEVICE_FAMILY = "1,2";
			};
			name = Release;
		};
		86806DEB2ECED48B004D8BB2 /* Debug */ = {
			isa = XCBuildConfiguration;
			buildSettings = {
				ALWAYS_SEARCH_USER_PATHS = NO;
				ASSETCATALOG_COMPILER_GENERATE_SWIFT_ASSET_SYMBOL_EXTENSIONS = YES;
				CLANG_ANALYZER_NONNULL = YES;
				CLANG_ANALYZER_NUMBER_OBJECT_CONVERSION = YES_AGGRESSIVE;
				CLANG_CXX_LANGUAGE_STANDARD = "gnu++20";
				CLANG_ENABLE_MODULES = YES;
				CLANG_ENABLE_OBJC_ARC = YES;
				CLANG_ENABLE_OBJC_WEAK = YES;
				CLANG_WARN_BLOCK_CAPTURE_AUTORELEASING = YES;
				CLANG_WARN_BOOL_CONVERSION = YES;
				CLANG_WARN_COMMA = YES;
				CLANG_WARN_CONSTANT_CONVERSION = YES;
				CLANG_WARN_DEPRECATED_OBJC_IMPLEMENTATIONS = YES;
				CLANG_WARN_DIRECT_OBJC_ISA_USAGE = YES_ERROR;
				CLANG_WARN_DOCUMENTATION_COMMENTS = YES;
				CLANG_WARN_EMPTY_BODY = YES;
				CLANG_WARN_ENUM_CONVERSION = YES;
				CLANG_WARN_INFINITE_RECURSION = YES;
				CLANG_WARN_INT_CONVERSION = YES;
				CLANG_WARN_NON_LITERAL_NULL_CONVERSION = YES;
				CLANG_WARN_OBJC_IMPLICIT_RETAIN_SELF = YES;
				CLANG_WARN_OBJC_LITERAL_CONVERSION = YES;
				CLANG_WARN_OBJC_ROOT_CLASS = YES_ERROR;
				CLANG_WARN_QUOTED_INCLUDE_IN_FRAMEWORK_HEADER = YES;
				CLANG_WARN_RANGE_LOOP_ANALYSIS = YES;
				CLANG_WARN_STRICT_PROTOTYPES = YES;
				CLANG_WARN_SUSPICIOUS_MOVE = YES;
				CLANG_WARN_UNGUARDED_AVAILABILITY = YES_AGGRESSIVE;
				CLANG_WARN_UNREACHABLE_CODE = YES;
				CLANG_WARN__DUPLICATE_METHOD_MATCH = YES;
				COPY_PHASE_STRIP = NO;
				DEBUG_INFORMATION_FORMAT = dwarf;
				ENABLE_STRICT_OBJC_MSGSEND = YES;
				ENABLE_TESTABILITY = YES;
				ENABLE_USER_SCRIPT_SANDBOXING = YES;
				GCC_C_LANGUAGE_STANDARD = gnu17;
				GCC_DYNAMIC_NO_PIC = NO;
				GCC_NO_COMMON_BLOCKS = YES;
				GCC_OPTIMIZATION_LEVEL = 0;
				GCC_PREPROCESSOR_DEFINITIONS = (
					"DEBUG=1",
					"$(inherited)",
				);
				GCC_WARN_64_TO_32_BIT_CONVERSION = YES;
				GCC_WARN_ABOUT_RETURN_TYPE = YES_ERROR;
				GCC_WARN_UNDECLARED_SELECTOR = YES;
				GCC_WARN_UNINITIALIZED_AUTOS = YES_AGGRESSIVE;
				GCC_WARN_UNUSED_FUNCTION = YES;
				GCC_WARN_UNUSED_VARIABLE = YES;
				IPHONEOS_DEPLOYMENT_TARGET = 18.5;
				LOCALIZATION_PREFERS_STRING_CATALOGS = YES;
				MTL_ENABLE_DEBUG_INFO = INCLUDE_SOURCE;
				MTL_FAST_MATH = YES;
				ONLY_ACTIVE_ARCH = YES;
				SDKROOT = iphoneos;
				SWIFT_ACTIVE_COMPILATION_CONDITIONS = "DEBUG $(inherited)";
				SWIFT_OPTIMIZATION_LEVEL = "-Onone";
			};
			name = Debug;
		};
		86806DEC2ECED48B004D8BB2 /* Release */ = {
			isa = XCBuildConfiguration;
			buildSettings = {
				ALWAYS_SEARCH_USER_PATHS = NO;
				ASSETCATALOG_COMPILER_GENERATE_SWIFT_ASSET_SYMBOL_EXTENSIONS = YES;
				CLANG_ANALYZER_NONNULL = YES;
				CLANG_ANALYZER_NUMBER_OBJECT_CONVERSION = YES_AGGRESSIVE;
				CLANG_CXX_LANGUAGE_STANDARD = "gnu++20";
				CLANG_ENABLE_MODULES = YES;
				CLANG_ENABLE_OBJC_ARC = YES;
				CLANG_ENABLE_OBJC_WEAK = YES;
				CLANG_WARN_BLOCK_CAPTURE_AUTORELEASING = YES;
				CLANG_WARN_BOOL_CONVERSION = YES;
				CLANG_WARN_COMMA = YES;
				CLANG_WARN_CONSTANT_CONVERSION = YES;
				CLANG_WARN_DEPRECATED_OBJC_IMPLEMENTATIONS = YES;
				CLANG_WARN_DIRECT_OBJC_ISA_USAGE = YES_ERROR;
				CLANG_WARN_DOCUMENTATION_COMMENTS = YES;
				CLANG_WARN_EMPTY_BODY = YES;
				CLANG_WARN_ENUM_CONVERSION = YES;
				CLANG_WARN_INFINITE_RECURSION = YES;
				CLANG_WARN_INT_CONVERSION = YES;
				CLANG_WARN_NON_LITERAL_NULL_CONVERSION = YES;
				CLANG_WARN_OBJC_IMPLICIT_RETAIN_SELF = YES;
				CLANG_WARN_OBJC_LITERAL_CONVERSION = YES;
				CLANG_WARN_OBJC_ROOT_CLASS = YES_ERROR;
				CLANG_WARN_QUOTED_INCLUDE_IN_FRAMEWORK_HEADER = YES;
				CLANG_WARN_RANGE_LOOP_ANALYSIS = YES;
				CLANG_WARN_STRICT_PROTOTYPES = YES;
				CLANG_WARN_SUSPICIOUS_MOVE = YES;
				CLANG_WARN_UNGUARDED_AVAILABILITY = YES_AGGRESSIVE;
				CLANG_WARN_UNREACHABLE_CODE = YES;
				CLANG_WARN__DUPLICATE_METHOD_MATCH = YES;
				COPY_PHASE_STRIP = NO;
				DEBUG_INFORMATION_FORMAT = "dwarf-with-dsym";
				ENABLE_NS_ASSERTIONS = NO;
				ENABLE_STRICT_OBJC_MSGSEND = YES;
				ENABLE_USER_SCRIPT_SANDBOXING = YES;
				GCC_C_LANGUAGE_STANDARD = gnu17;
				GCC_NO_COMMON_BLOCKS = YES;
				GCC_WARN_64_TO_32_BIT_CONVERSION = YES;
				GCC_WARN_ABOUT_RETURN_TYPE = YES_ERROR;
				GCC_WARN_UNDECLARED_SELECTOR = YES;
				GCC_WARN_UNINITIALIZED_AUTOS = YES_AGGRESSIVE;
				GCC_WARN_UNUSED_FUNCTION = YES;
				GCC_WARN_UNUSED_VARIABLE = YES;
				IPHONEOS_DEPLOYMENT_TARGET = 18.5;
				LOCALIZATION_PREFERS_STRING_CATALOGS = YES;
				MTL_ENABLE_DEBUG_INFO = NO;
				MTL_FAST_MATH = YES;
				SDKROOT = iphoneos;
				SWIFT_COMPILATION_MODE = wholemodule;
				VALIDATE_PRODUCT = YES;
			};
			name = Release;
		};
		86806DEE2ECED48B004D8BB2 /* Debug */ = {
			isa = XCBuildConfiguration;
			buildSettings = {
				BUNDLE_LOADER = "$(TEST_HOST)";
				CODE_SIGN_STYLE = Automatic;
				CURRENT_PROJECT_VERSION = 1;
				GENERATE_INFOPLIST_FILE = YES;
				IPHONEOS_DEPLOYMENT_TARGET = 18.5;
				MARKETING_VERSION = 1.0;
				PRODUCT_BUNDLE_IDENTIFIER = app1.CurrentLocationTests;
				PRODUCT_NAME = "$(TARGET_NAME)";
				SWIFT_EMIT_LOC_STRINGS = NO;
				SWIFT_VERSION = 5.0;
				TARGETED_DEVICE_FAMILY = "1,2";
				TEST_HOST = "$(BUILT_PRODUCTS_DIR)/CurrentLocation.app/$(BUNDLE_EXECUTABLE_FOLDER_PATH)/CurrentLocation";
			};
			name = Debug;
		};
		86806DEF2ECED48B004D8BB2 /* Release */ = {
			isa = XCBuildConfiguration;
			buildSettings = {
				BUNDLE_LOADER = "$(TEST_HOST)";
				CODE_SIGN_STYLE = Automatic;
				CURRENT_PROJECT_VERSION = 1;
				GENERATE_INFOPLIST_FILE = YES;
				IPHONEOS_DEPLOYMENT_TARGET = 18.5;
				MARKETING_VERSION = 1.0;
				PRODUCT_BUNDLE_IDENTIFIER = app1.CurrentLocationTests;
				PRODUCT_NAME = "$(TARGET_NAME)";
				SWIFT_EMIT_LOC_STRINGS = NO;
				SWIFT_VERSION = 5.0;
				TARGETED_DEVICE_FAMILY = "1,2";
				TEST_HOST = "$(BUILT_PRODUCTS_DIR)/CurrentLocation.app/$(BUNDLE_EXECUTABLE_FOLDER_PATH)/CurrentLocation";
			};
			name = Release;
		};
		86806DF12ECED48B004D8BB2 /* Debug */ = {
			isa = XCBuildConfiguration;
			buildSettings = {
				CODE_SIGN_STYLE = Automatic;
				CURRENT_PROJECT_VERSION = 1;
				GENERATE_INFOPLIST_FILE = YES;
				MARKETING_VERSION = 1.0;
				PRODUCT_BUNDLE_IDENTIFIER = app1.CurrentLocationUITests;
				PRODUCT_NAME = "$(TARGET_NAME)";
				SWIFT_EMIT_LOC_STRINGS = NO;
				SWIFT_VERSION = 5.0;
				TARGETED_DEVICE_FAMILY = "1,2";
				TEST_TARGET_NAME = CurrentLocation;
			};
			name = Debug;
		};
		86806DF22ECED48B004D8BB2 /* Release */ = {
			isa = XCBuildConfiguration;
			buildSettings = {
				CODE_SIGN_STYLE = Automatic;
				CURRENT_PROJECT_VERSION = 1;
				GENERATE_INFOPLIST_FILE = YES;
				MARKETING_VERSION = 1.0;
				PRODUCT_BUNDLE_IDENTIFIER = app1.CurrentLocationUITests;
				PRODUCT_NAME = "$(TARGET_NAME)";
				SWIFT_EMIT_LOC_STRINGS = NO;
				SWIFT_VERSION = 5.0;
				TARGETED_DEVICE_FAMILY = "1,2";
				TEST_TARGET_NAME = CurrentLocation;
			};
			name = Release;
		};
/* End XCBuildConfiguration section */

/* Begin XCConfigurationList section */
		86806DBA2ECED489004D8BB2 /* Build configuration list for PBXProject "CurrentLocation" */ = {
			isa = XCConfigurationList;
			buildConfigurations = (
				86806DEB2ECED48B004D8BB2 /* Debug */,
				86806DEC2ECED48B004D8BB2 /* Release */,
			);
			defaultConfigurationIsVisible = 0;
			defaultConfigurationName = Release;
		};
		86806DE82ECED48B004D8BB2 /* Build configuration list for PBXNativeTarget "CurrentLocation" */ = {
			isa = XCConfigurationList;
			buildConfigurations = (
				86806DE92ECED48B004D8BB2 /* Debug */,
				86806DEA2ECED48B004D8BB2 /* Release */,
			);
			defaultConfigurationIsVisible = 0;
			defaultConfigurationName = Release;
		};
		86806DED2ECED48B004D8BB2 /* Build configuration list for PBXNativeTarget "CurrentLocationTests" */ = {
			isa = XCConfigurationList;
			buildConfigurations = (
				86806DEE2ECED48B004D8BB2 /* Debug */,
				86806DEF2ECED48B004D8BB2 /* Release */,
			);
			defaultConfigurationIsVisible = 0;
			defaultConfigurationName = Release;
		};
		86806DF02ECED48B004D8BB2 /* Build configuration list for PBXNativeTarget "CurrentLocationUITests" */ = {
			isa = XCConfigurationList;
			buildConfigurations = (
				86806DF12ECED48B004D8BB2 /* Debug */,
				86806DF22ECED48B004D8BB2 /* Release */,
			);
			defaultConfigurationIsVisible = 0;
			defaultConfigurationName = Release;
		};
/* End XCConfigurationList section */
	};
	rootObject = 86806DB72ECED489004D8BB2 /* Project object */;
}
